// !$*UTF8*$!
{
	archiveVersion = 1;
	classes = {
	};
	objectVersion = 46;
	objects = {

/* Begin PBXBuildFile section */
		6206EDB51DEEE60000B0EC8F /* WeatherClient.swift in Sources */ = {isa = PBXBuildFile; fileRef = 6206EDB41DEEE60000B0EC8F /* WeatherClient.swift */; };
		6206EDB81DEEEB8C00B0EC8F /* City.swift in Sources */ = {isa = PBXBuildFile; fileRef = 6206EDB71DEEEB8C00B0EC8F /* City.swift */; };
		6206EDBA1DEEEBA600B0EC8F /* Weather.swift in Sources */ = {isa = PBXBuildFile; fileRef = 6206EDB91DEEEBA600B0EC8F /* Weather.swift */; };
		6206EDBC1DEEFBAF00B0EC8F /* ClientProtocol.swift in Sources */ = {isa = PBXBuildFile; fileRef = 6206EDBB1DEEFBAF00B0EC8F /* ClientProtocol.swift */; };
		6206EDC01DEF031900B0EC8F /* Argo.framework in Frameworks */ = {isa = PBXBuildFile; fileRef = 6206EDBD1DEF031900B0EC8F /* Argo.framework */; };
		6206EDC11DEF031900B0EC8F /* Curry.framework in Frameworks */ = {isa = PBXBuildFile; fileRef = 6206EDBE1DEF031900B0EC8F /* Curry.framework */; };
		6206EDC21DEF031900B0EC8F /* Runes.framework in Frameworks */ = {isa = PBXBuildFile; fileRef = 6206EDBF1DEF031900B0EC8F /* Runes.framework */; };
		6206EDC31DEF032F00B0EC8F /* Argo.framework in Copy Carthage Frameworks */ = {isa = PBXBuildFile; fileRef = 6206EDBD1DEF031900B0EC8F /* Argo.framework */; settings = {ATTRIBUTES = (CodeSignOnCopy, RemoveHeadersOnCopy, ); }; };
		6206EDC41DEF032F00B0EC8F /* Curry.framework in Copy Carthage Frameworks */ = {isa = PBXBuildFile; fileRef = 6206EDBE1DEF031900B0EC8F /* Curry.framework */; settings = {ATTRIBUTES = (CodeSignOnCopy, RemoveHeadersOnCopy, ); }; };
		6206EDC51DEF032F00B0EC8F /* Runes.framework in Copy Carthage Frameworks */ = {isa = PBXBuildFile; fileRef = 6206EDBF1DEF031900B0EC8F /* Runes.framework */; settings = {ATTRIBUTES = (CodeSignOnCopy, RemoveHeadersOnCopy, ); }; };
		620ECA3C1DEC2CFF00A86C79 /* PlaceholderActionViewController.xib in Resources */ = {isa = PBXBuildFile; fileRef = 620ECA3B1DEC2CFF00A86C79 /* PlaceholderActionViewController.xib */; };
		620ECA3E1DEC2DFD00A86C79 /* PlaceholderActionViewController.swift in Sources */ = {isa = PBXBuildFile; fileRef = 620ECA3D1DEC2DFD00A86C79 /* PlaceholderActionViewController.swift */; };
		623B78C91DF3ABE3009845C4 /* WeatherViewModel.swift in Sources */ = {isa = PBXBuildFile; fileRef = 623B78C81DF3ABE3009845C4 /* WeatherViewModel.swift */; };
		62A336781DEA935200BB495E /* RxSwift.framework in Frameworks */ = {isa = PBXBuildFile; fileRef = 62A336771DEA935200BB495E /* RxSwift.framework */; };
		62A3367A1DEA935A00BB495E /* RxCocoa.framework in Frameworks */ = {isa = PBXBuildFile; fileRef = 62A336791DEA935A00BB495E /* RxCocoa.framework */; };
		62A3367C1DEA93F700BB495E /* RxCocoa.framework in Copy Carthage Frameworks */ = {isa = PBXBuildFile; fileRef = 62A336791DEA935A00BB495E /* RxCocoa.framework */; settings = {ATTRIBUTES = (CodeSignOnCopy, RemoveHeadersOnCopy, ); }; };
		62A3367D1DEA93F700BB495E /* RxSwift.framework in Copy Carthage Frameworks */ = {isa = PBXBuildFile; fileRef = 62A336771DEA935200BB495E /* RxSwift.framework */; settings = {ATTRIBUTES = (CodeSignOnCopy, RemoveHeadersOnCopy, ); }; };
		62A336811DEA957100BB495E /* Assets.xcassets in Resources */ = {isa = PBXBuildFile; fileRef = 62A336801DEA957100BB495E /* Assets.xcassets */; };
		62A336841DEA95BE00BB495E /* RotatingContentController.swift in Sources */ = {isa = PBXBuildFile; fileRef = 62A336831DEA95BE00BB495E /* RotatingContentController.swift */; };
		62B3DDA21DEAB66F007E653D /* Transition.swift in Sources */ = {isa = PBXBuildFile; fileRef = 62B3DDA11DEAB66F007E653D /* Transition.swift */; };
		62B3DDA41DEAE5FF007E653D /* Fugue.swift in Sources */ = {isa = PBXBuildFile; fileRef = 62B3DDA31DEAE5FF007E653D /* Fugue.swift */; };
		62B3DDA81DEAEFCA007E653D /* UIViewController+Rx.swift in Sources */ = {isa = PBXBuildFile; fileRef = 62B3DDA71DEAEFCA007E653D /* UIViewController+Rx.swift */; };
		62B3DDAD1DEB020E007E653D /* Rx+Operators.swift in Sources */ = {isa = PBXBuildFile; fileRef = 62B3DDAC1DEB020E007E653D /* Rx+Operators.swift */; };
		62B3DDB11DEBA12F007E653D /* OptionalProtocol.swift in Sources */ = {isa = PBXBuildFile; fileRef = 62B3DDB01DEBA12F007E653D /* OptionalProtocol.swift */; };
		62B3DDB31DEBA43E007E653D /* Box.swift in Sources */ = {isa = PBXBuildFile; fileRef = 62B3DDB21DEBA43E007E653D /* Box.swift */; };
		62B3DDB71DEBFABE007E653D /* PlaceholderTextViewController.xib in Resources */ = {isa = PBXBuildFile; fileRef = 62B3DDB61DEBFABE007E653D /* PlaceholderTextViewController.xib */; };
		62B3DDB91DEBFB7F007E653D /* PlaceholderTextViewController.swift in Sources */ = {isa = PBXBuildFile; fileRef = 62B3DDB81DEBFB7F007E653D /* PlaceholderTextViewController.swift */; };
		62C65CD11DEF087C000D1DF0 /* Forecast.swift in Sources */ = {isa = PBXBuildFile; fileRef = 62C65CD01DEF087C000D1DF0 /* Forecast.swift */; };
		62C65CD31DEF81AC000D1DF0 /* Environment.swift in Sources */ = {isa = PBXBuildFile; fileRef = 62C65CD21DEF81AC000D1DF0 /* Environment.swift */; };
		62C98F181DE84809003E2C5E /* AppDelegate.swift in Sources */ = {isa = PBXBuildFile; fileRef = 62C98F0F1DE84809003E2C5E /* AppDelegate.swift */; };
		62C98F1A1DE84809003E2C5E /* LaunchScreen.storyboard in Resources */ = {isa = PBXBuildFile; fileRef = 62C98F121DE84809003E2C5E /* LaunchScreen.storyboard */; };
		62C98F1B1DE84809003E2C5E /* Main.storyboard in Resources */ = {isa = PBXBuildFile; fileRef = 62C98F141DE84809003E2C5E /* Main.storyboard */; };
		62C98F221DE8481E003E2C5E /* Sampling_RxTests.swift in Sources */ = {isa = PBXBuildFile; fileRef = 62C98F1F1DE8481E003E2C5E /* Sampling_RxTests.swift */; };
		62C98F281DE8482B003E2C5E /* Sampling_RxUITests.swift in Sources */ = {isa = PBXBuildFile; fileRef = 62C98F251DE8482B003E2C5E /* Sampling_RxUITests.swift */; };
		62F1ED351DF01BF000569A62 /* WeatherClientStub.swift in Sources */ = {isa = PBXBuildFile; fileRef = 62F1ED341DF01BF000569A62 /* WeatherClientStub.swift */; };
		62F1ED381DF01F7D00569A62 /* WeatherProviding.swift in Sources */ = {isa = PBXBuildFile; fileRef = 62F1ED371DF01F7D00569A62 /* WeatherProviding.swift */; };
		62F1ED401DF0E13900569A62 /* WeatherViewController.swift in Sources */ = {isa = PBXBuildFile; fileRef = 62F1ED3F1DF0E13900569A62 /* WeatherViewController.swift */; };
/* End PBXBuildFile section */

/* Begin PBXContainerItemProxy section */
		62587E121DE849A400573080 /* PBXContainerItemProxy */ = {
			isa = PBXContainerItemProxy;
			containerPortal = 62C98ED51DE8478D003E2C5E /* Project object */;
			proxyType = 1;
			remoteGlobalIDString = 62C98EDC1DE8478D003E2C5E;
			remoteInfo = Demo;
		};
		62C98EFD1DE8478E003E2C5E /* PBXContainerItemProxy */ = {
			isa = PBXContainerItemProxy;
			containerPortal = 62C98ED51DE8478D003E2C5E /* Project object */;
			proxyType = 1;
			remoteGlobalIDString = 62C98EDC1DE8478D003E2C5E;
			remoteInfo = "Sampling Rx";
		};
/* End PBXContainerItemProxy section */

/* Begin PBXCopyFilesBuildPhase section */
		62A3367B1DEA93E300BB495E /* Copy Carthage Frameworks */ = {
			isa = PBXCopyFilesBuildPhase;
			buildActionMask = 2147483647;
			dstPath = "";
			dstSubfolderSpec = 10;
			files = (
				6206EDC31DEF032F00B0EC8F /* Argo.framework in Copy Carthage Frameworks */,
				6206EDC41DEF032F00B0EC8F /* Curry.framework in Copy Carthage Frameworks */,
				6206EDC51DEF032F00B0EC8F /* Runes.framework in Copy Carthage Frameworks */,
				62A3367C1DEA93F700BB495E /* RxCocoa.framework in Copy Carthage Frameworks */,
				62A3367D1DEA93F700BB495E /* RxSwift.framework in Copy Carthage Frameworks */,
			);
			name = "Copy Carthage Frameworks";
			runOnlyForDeploymentPostprocessing = 0;
		};
/* End PBXCopyFilesBuildPhase section */

/* Begin PBXFileReference section */
		6206EDB41DEEE60000B0EC8F /* WeatherClient.swift */ = {isa = PBXFileReference; fileEncoding = 4; lastKnownFileType = sourcecode.swift; path = WeatherClient.swift; sourceTree = "<group>"; };
		6206EDB71DEEEB8C00B0EC8F /* City.swift */ = {isa = PBXFileReference; fileEncoding = 4; lastKnownFileType = sourcecode.swift; path = City.swift; sourceTree = "<group>"; };
		6206EDB91DEEEBA600B0EC8F /* Weather.swift */ = {isa = PBXFileReference; fileEncoding = 4; lastKnownFileType = sourcecode.swift; path = Weather.swift; sourceTree = "<group>"; };
		6206EDBB1DEEFBAF00B0EC8F /* ClientProtocol.swift */ = {isa = PBXFileReference; fileEncoding = 4; lastKnownFileType = sourcecode.swift; path = ClientProtocol.swift; sourceTree = "<group>"; };
		6206EDBD1DEF031900B0EC8F /* Argo.framework */ = {isa = PBXFileReference; lastKnownFileType = wrapper.framework; name = Argo.framework; path = Carthage/Build/iOS/Argo.framework; sourceTree = "<group>"; };
		6206EDBE1DEF031900B0EC8F /* Curry.framework */ = {isa = PBXFileReference; lastKnownFileType = wrapper.framework; name = Curry.framework; path = Carthage/Build/iOS/Curry.framework; sourceTree = "<group>"; };
		6206EDBF1DEF031900B0EC8F /* Runes.framework */ = {isa = PBXFileReference; lastKnownFileType = wrapper.framework; name = Runes.framework; path = Carthage/Build/iOS/Runes.framework; sourceTree = "<group>"; };
		620ECA3B1DEC2CFF00A86C79 /* PlaceholderActionViewController.xib */ = {isa = PBXFileReference; fileEncoding = 4; lastKnownFileType = file.xib; path = PlaceholderActionViewController.xib; sourceTree = "<group>"; };
		620ECA3D1DEC2DFD00A86C79 /* PlaceholderActionViewController.swift */ = {isa = PBXFileReference; fileEncoding = 4; lastKnownFileType = sourcecode.swift; path = PlaceholderActionViewController.swift; sourceTree = "<group>"; };
		623B78C81DF3ABE3009845C4 /* WeatherViewModel.swift */ = {isa = PBXFileReference; fileEncoding = 4; lastKnownFileType = sourcecode.swift; path = WeatherViewModel.swift; sourceTree = "<group>"; };
		62A336771DEA935200BB495E /* RxSwift.framework */ = {isa = PBXFileReference; lastKnownFileType = wrapper.framework; name = RxSwift.framework; path = Carthage/Build/iOS/RxSwift.framework; sourceTree = "<group>"; };
		62A336791DEA935A00BB495E /* RxCocoa.framework */ = {isa = PBXFileReference; lastKnownFileType = wrapper.framework; name = RxCocoa.framework; path = Carthage/Build/iOS/RxCocoa.framework; sourceTree = "<group>"; };
		62A336801DEA957100BB495E /* Assets.xcassets */ = {isa = PBXFileReference; lastKnownFileType = folder.assetcatalog; path = Assets.xcassets; sourceTree = "<group>"; };
		62A336831DEA95BE00BB495E /* RotatingContentController.swift */ = {isa = PBXFileReference; fileEncoding = 4; lastKnownFileType = sourcecode.swift; path = RotatingContentController.swift; sourceTree = "<group>"; };
		62B3DDA11DEAB66F007E653D /* Transition.swift */ = {isa = PBXFileReference; fileEncoding = 4; lastKnownFileType = sourcecode.swift; path = Transition.swift; sourceTree = "<group>"; };
		62B3DDA31DEAE5FF007E653D /* Fugue.swift */ = {isa = PBXFileReference; fileEncoding = 4; lastKnownFileType = sourcecode.swift; path = Fugue.swift; sourceTree = "<group>"; };
		62B3DDA71DEAEFCA007E653D /* UIViewController+Rx.swift */ = {isa = PBXFileReference; fileEncoding = 4; lastKnownFileType = sourcecode.swift; path = "UIViewController+Rx.swift"; sourceTree = "<group>"; };
		62B3DDAC1DEB020E007E653D /* Rx+Operators.swift */ = {isa = PBXFileReference; fileEncoding = 4; lastKnownFileType = sourcecode.swift; path = "Rx+Operators.swift"; sourceTree = "<group>"; };
		62B3DDB01DEBA12F007E653D /* OptionalProtocol.swift */ = {isa = PBXFileReference; fileEncoding = 4; lastKnownFileType = sourcecode.swift; path = OptionalProtocol.swift; sourceTree = "<group>"; };
		62B3DDB21DEBA43E007E653D /* Box.swift */ = {isa = PBXFileReference; fileEncoding = 4; lastKnownFileType = sourcecode.swift; path = Box.swift; sourceTree = "<group>"; };
		62B3DDB61DEBFABE007E653D /* PlaceholderTextViewController.xib */ = {isa = PBXFileReference; fileEncoding = 4; lastKnownFileType = file.xib; path = PlaceholderTextViewController.xib; sourceTree = "<group>"; };
		62B3DDB81DEBFB7F007E653D /* PlaceholderTextViewController.swift */ = {isa = PBXFileReference; fileEncoding = 4; lastKnownFileType = sourcecode.swift; path = PlaceholderTextViewController.swift; sourceTree = "<group>"; };
		62C65CD01DEF087C000D1DF0 /* Forecast.swift */ = {isa = PBXFileReference; fileEncoding = 4; lastKnownFileType = sourcecode.swift; path = Forecast.swift; sourceTree = "<group>"; };
		62C65CD21DEF81AC000D1DF0 /* Environment.swift */ = {isa = PBXFileReference; fileEncoding = 4; lastKnownFileType = sourcecode.swift; path = Environment.swift; sourceTree = "<group>"; };
		62C98EDD1DE8478E003E2C5E /* SamplingRx.app */ = {isa = PBXFileReference; explicitFileType = wrapper.application; includeInIndex = 0; path = SamplingRx.app; sourceTree = BUILT_PRODUCTS_DIR; };
		62C98EF11DE8478E003E2C5E /* Specs.xctest */ = {isa = PBXFileReference; explicitFileType = wrapper.cfbundle; includeInIndex = 0; path = Specs.xctest; sourceTree = BUILT_PRODUCTS_DIR; };
		62C98EFC1DE8478E003E2C5E /* Features.xctest */ = {isa = PBXFileReference; explicitFileType = wrapper.cfbundle; includeInIndex = 0; path = Features.xctest; sourceTree = BUILT_PRODUCTS_DIR; };
		62C98F0F1DE84809003E2C5E /* AppDelegate.swift */ = {isa = PBXFileReference; fileEncoding = 4; lastKnownFileType = sourcecode.swift; path = AppDelegate.swift; sourceTree = "<group>"; };
		62C98F131DE84809003E2C5E /* Base */ = {isa = PBXFileReference; lastKnownFileType = file.storyboard; name = Base; path = Base.lproj/LaunchScreen.storyboard; sourceTree = "<group>"; };
		62C98F151DE84809003E2C5E /* Base */ = {isa = PBXFileReference; lastKnownFileType = file.storyboard; name = Base; path = Base.lproj/Main.storyboard; sourceTree = "<group>"; };
		62C98F161DE84809003E2C5E /* Info.plist */ = {isa = PBXFileReference; fileEncoding = 4; lastKnownFileType = text.plist.xml; path = Info.plist; sourceTree = "<group>"; };
		62C98F1F1DE8481E003E2C5E /* Sampling_RxTests.swift */ = {isa = PBXFileReference; fileEncoding = 4; lastKnownFileType = sourcecode.swift; path = Sampling_RxTests.swift; sourceTree = "<group>"; };
		62C98F211DE8481E003E2C5E /* Info.plist */ = {isa = PBXFileReference; fileEncoding = 4; lastKnownFileType = text.plist.xml; path = Info.plist; sourceTree = "<group>"; };
		62C98F251DE8482B003E2C5E /* Sampling_RxUITests.swift */ = {isa = PBXFileReference; fileEncoding = 4; lastKnownFileType = sourcecode.swift; path = Sampling_RxUITests.swift; sourceTree = "<group>"; };
		62C98F271DE8482B003E2C5E /* Info.plist */ = {isa = PBXFileReference; fileEncoding = 4; lastKnownFileType = text.plist.xml; path = Info.plist; sourceTree = "<group>"; };
		62F1ED341DF01BF000569A62 /* WeatherClientStub.swift */ = {isa = PBXFileReference; fileEncoding = 4; lastKnownFileType = sourcecode.swift; path = WeatherClientStub.swift; sourceTree = "<group>"; };
		62F1ED371DF01F7D00569A62 /* WeatherProviding.swift */ = {isa = PBXFileReference; fileEncoding = 4; lastKnownFileType = sourcecode.swift; path = WeatherProviding.swift; sourceTree = "<group>"; };
		62F1ED3F1DF0E13900569A62 /* WeatherViewController.swift */ = {isa = PBXFileReference; fileEncoding = 4; lastKnownFileType = sourcecode.swift; path = WeatherViewController.swift; sourceTree = "<group>"; };
/* End PBXFileReference section */

/* Begin PBXFrameworksBuildPhase section */
		62C98EDA1DE8478D003E2C5E /* Frameworks */ = {
			isa = PBXFrameworksBuildPhase;
			buildActionMask = 2147483647;
			files = (
				6206EDC11DEF031900B0EC8F /* Curry.framework in Frameworks */,
				62A3367A1DEA935A00BB495E /* RxCocoa.framework in Frameworks */,
				62A336781DEA935200BB495E /* RxSwift.framework in Frameworks */,
				6206EDC21DEF031900B0EC8F /* Runes.framework in Frameworks */,
				6206EDC01DEF031900B0EC8F /* Argo.framework in Frameworks */,
			);
			runOnlyForDeploymentPostprocessing = 0;
		};
		62C98EEE1DE8478E003E2C5E /* Frameworks */ = {
			isa = PBXFrameworksBuildPhase;
			buildActionMask = 2147483647;
			files = (
			);
			runOnlyForDeploymentPostprocessing = 0;
		};
		62C98EF91DE8478E003E2C5E /* Frameworks */ = {
			isa = PBXFrameworksBuildPhase;
			buildActionMask = 2147483647;
			files = (
			);
			runOnlyForDeploymentPostprocessing = 0;
		};
/* End PBXFrameworksBuildPhase section */

/* Begin PBXGroup section */
		6206EDB61DEEEB7F00B0EC8F /* Models */ = {
			isa = PBXGroup;
			children = (
				6206EDB71DEEEB8C00B0EC8F /* City.swift */,
				62C65CD01DEF087C000D1DF0 /* Forecast.swift */,
				6206EDB91DEEEBA600B0EC8F /* Weather.swift */,
			);
			path = Models;
			sourceTree = "<group>";
		};
		620ECA3A1DEC2CED00A86C79 /* PlaceholderActionViewController */ = {
			isa = PBXGroup;
			children = (
				620ECA3B1DEC2CFF00A86C79 /* PlaceholderActionViewController.xib */,
				620ECA3D1DEC2DFD00A86C79 /* PlaceholderActionViewController.swift */,
			);
			path = PlaceholderActionViewController;
			sourceTree = "<group>";
		};
		620ECA411DED024800A86C79 /* NetworkClients */ = {
			isa = PBXGroup;
			children = (
				62F1ED361DF01F5C00569A62 /* Protocols */,
				62F1ED331DF01BE300569A62 /* Stubs */,
				6206EDB41DEEE60000B0EC8F /* WeatherClient.swift */,
				6206EDBB1DEEFBAF00B0EC8F /* ClientProtocol.swift */,
			);
			path = NetworkClients;
			sourceTree = "<group>";
		};
		62A336761DEA8DC700BB495E /* Frameworks */ = {
			isa = PBXGroup;
			children = (
				6206EDBD1DEF031900B0EC8F /* Argo.framework */,
				6206EDBE1DEF031900B0EC8F /* Curry.framework */,
				6206EDBF1DEF031900B0EC8F /* Runes.framework */,
				62A336791DEA935A00BB495E /* RxCocoa.framework */,
				62A336771DEA935200BB495E /* RxSwift.framework */,
			);
			name = Frameworks;
			sourceTree = "<group>";
		};
		62A3367F1DEA957100BB495E /* Resources */ = {
			isa = PBXGroup;
			children = (
				62B3DDB41DEBF51C007E653D /* Placeholders */,
				62A336801DEA957100BB495E /* Assets.xcassets */,
			);
			path = Resources;
			sourceTree = "<group>";
		};
		62A336821DEA95BE00BB495E /* RotatingContent */ = {
			isa = PBXGroup;
			children = (
				62A336831DEA95BE00BB495E /* RotatingContentController.swift */,
			);
			path = RotatingContent;
			sourceTree = "<group>";
		};
		62B3DDA01DEAB663007E653D /* Common */ = {
			isa = PBXGroup;
			children = (
				62B3DDA11DEAB66F007E653D /* Transition.swift */,
				62B3DDA31DEAE5FF007E653D /* Fugue.swift */,
			);
			path = Common;
			sourceTree = "<group>";
		};
		62B3DDA61DEAEF87007E653D /* Extensions */ = {
			isa = PBXGroup;
			children = (
				62B3DDA71DEAEFCA007E653D /* UIViewController+Rx.swift */,
				62B3DDAC1DEB020E007E653D /* Rx+Operators.swift */,
			);
			path = Extensions;
			sourceTree = "<group>";
		};
		62B3DDAF1DEBA114007E653D /* Helpers */ = {
			isa = PBXGroup;
			children = (
				62B3DDB01DEBA12F007E653D /* OptionalProtocol.swift */,
				62B3DDB21DEBA43E007E653D /* Box.swift */,
				62C65CD21DEF81AC000D1DF0 /* Environment.swift */,
			);
			path = Helpers;
			sourceTree = "<group>";
		};
		62B3DDB41DEBF51C007E653D /* Placeholders */ = {
			isa = PBXGroup;
			children = (
				620ECA3A1DEC2CED00A86C79 /* PlaceholderActionViewController */,
				62B3DDB51DEBFAA8007E653D /* PlaceholderTextViewController */,
			);
			path = Placeholders;
			sourceTree = "<group>";
		};
		62B3DDB51DEBFAA8007E653D /* PlaceholderTextViewController */ = {
			isa = PBXGroup;
			children = (
				62B3DDB61DEBFABE007E653D /* PlaceholderTextViewController.xib */,
				62B3DDB81DEBFB7F007E653D /* PlaceholderTextViewController.swift */,
			);
			path = PlaceholderTextViewController;
			sourceTree = "<group>";
		};
		62C98ED41DE8478D003E2C5E = {
			isa = PBXGroup;
			children = (
				62C98F241DE8482B003E2C5E /* Features */,
				62A336761DEA8DC700BB495E /* Frameworks */,
				62C98EDE1DE8478E003E2C5E /* Products */,
				62C98F0E1DE84809003E2C5E /* Source */,
				62C98F1E1DE8481E003E2C5E /* Specs */,
			);
			sourceTree = "<group>";
		};
		62C98EDE1DE8478E003E2C5E /* Products */ = {
			isa = PBXGroup;
			children = (
				62C98EDD1DE8478E003E2C5E /* SamplingRx.app */,
				62C98EF11DE8478E003E2C5E /* Specs.xctest */,
				62C98EFC1DE8478E003E2C5E /* Features.xctest */,
			);
			name = Products;
			sourceTree = "<group>";
		};
		62C98F0E1DE84809003E2C5E /* Source */ = {
			isa = PBXGroup;
			children = (
				62C98F0F1DE84809003E2C5E /* AppDelegate.swift */,
				62B3DDA01DEAB663007E653D /* Common */,
				62B3DDA61DEAEF87007E653D /* Extensions */,
				62B3DDAF1DEBA114007E653D /* Helpers */,
				6206EDB61DEEEB7F00B0EC8F /* Models */,
				620ECA411DED024800A86C79 /* NetworkClients */,
				62A3367F1DEA957100BB495E /* Resources */,
				62A336821DEA95BE00BB495E /* RotatingContent */,
				62C98F111DE84809003E2C5E /* Supporting Files */,
				62F1ED3E1DF0E13900569A62 /* WeatherContent */,
			);
			path = Source;
			sourceTree = "<group>";
		};
		62C98F111DE84809003E2C5E /* Supporting Files */ = {
			isa = PBXGroup;
			children = (
				62C98F121DE84809003E2C5E /* LaunchScreen.storyboard */,
				62C98F141DE84809003E2C5E /* Main.storyboard */,
				62C98F161DE84809003E2C5E /* Info.plist */,
			);
			path = "Supporting Files";
			sourceTree = "<group>";
		};
		62C98F1E1DE8481E003E2C5E /* Specs */ = {
			isa = PBXGroup;
			children = (
				62C98F1F1DE8481E003E2C5E /* Sampling_RxTests.swift */,
				62C98F201DE8481E003E2C5E /* Supporting Files */,
			);
			path = Specs;
			sourceTree = "<group>";
		};
		62C98F201DE8481E003E2C5E /* Supporting Files */ = {
			isa = PBXGroup;
			children = (
				62C98F211DE8481E003E2C5E /* Info.plist */,
			);
			path = "Supporting Files";
			sourceTree = "<group>";
		};
		62C98F241DE8482B003E2C5E /* Features */ = {
			isa = PBXGroup;
			children = (
				62C98F251DE8482B003E2C5E /* Sampling_RxUITests.swift */,
				62C98F261DE8482B003E2C5E /* Supporting Files */,
			);
			path = Features;
			sourceTree = "<group>";
		};
		62C98F261DE8482B003E2C5E /* Supporting Files */ = {
			isa = PBXGroup;
			children = (
				62C98F271DE8482B003E2C5E /* Info.plist */,
			);
			path = "Supporting Files";
			sourceTree = "<group>";
		};
		62F1ED331DF01BE300569A62 /* Stubs */ = {
			isa = PBXGroup;
			children = (
				62F1ED341DF01BF000569A62 /* WeatherClientStub.swift */,
			);
			path = Stubs;
			sourceTree = "<group>";
		};
		62F1ED361DF01F5C00569A62 /* Protocols */ = {
			isa = PBXGroup;
			children = (
				62F1ED371DF01F7D00569A62 /* WeatherProviding.swift */,
			);
			path = Protocols;
			sourceTree = "<group>";
		};
		62F1ED3E1DF0E13900569A62 /* WeatherContent */ = {
			isa = PBXGroup;
			children = (
				62F1ED3F1DF0E13900569A62 /* WeatherViewController.swift */,
				623B78C81DF3ABE3009845C4 /* WeatherViewModel.swift */,
			);
			path = WeatherContent;
			sourceTree = "<group>";
		};
/* End PBXGroup section */

/* Begin PBXNativeTarget section */
		62C98EDC1DE8478D003E2C5E /* SamplingRx */ = {
			isa = PBXNativeTarget;
			buildConfigurationList = 62C98F051DE8478E003E2C5E /* Build configuration list for PBXNativeTarget "SamplingRx" */;
			buildPhases = (
				62A4072B1DE90D1A0005B619 /* Lint Source */,
				62C98ED91DE8478D003E2C5E /* Sources */,
				62C98EDA1DE8478D003E2C5E /* Frameworks */,
				62A3367B1DEA93E300BB495E /* Copy Carthage Frameworks */,
				62C98EDB1DE8478D003E2C5E /* Resources */,
			);
			buildRules = (
			);
			dependencies = (
			);
			name = SamplingRx;
			productName = "Sampling Rx";
			productReference = 62C98EDD1DE8478E003E2C5E /* SamplingRx.app */;
			productType = "com.apple.product-type.application";
		};
		62C98EF01DE8478E003E2C5E /* Specs */ = {
			isa = PBXNativeTarget;
			buildConfigurationList = 62C98F081DE8478E003E2C5E /* Build configuration list for PBXNativeTarget "Specs" */;
			buildPhases = (
				62C98EED1DE8478E003E2C5E /* Sources */,
				62C98EEE1DE8478E003E2C5E /* Frameworks */,
				62C98EEF1DE8478E003E2C5E /* Resources */,
			);
			buildRules = (
			);
			dependencies = (
				62587E131DE849A400573080 /* PBXTargetDependency */,
			);
			name = Specs;
			productName = "Sampling RxTests";
			productReference = 62C98EF11DE8478E003E2C5E /* Specs.xctest */;
			productType = "com.apple.product-type.bundle.unit-test";
		};
		62C98EFB1DE8478E003E2C5E /* Features */ = {
			isa = PBXNativeTarget;
			buildConfigurationList = 62C98F0B1DE8478E003E2C5E /* Build configuration list for PBXNativeTarget "Features" */;
			buildPhases = (
				62C98EF81DE8478E003E2C5E /* Sources */,
				62C98EF91DE8478E003E2C5E /* Frameworks */,
				62C98EFA1DE8478E003E2C5E /* Resources */,
			);
			buildRules = (
			);
			dependencies = (
				62C98EFE1DE8478E003E2C5E /* PBXTargetDependency */,
			);
			name = Features;
			productName = "Sampling RxUITests";
			productReference = 62C98EFC1DE8478E003E2C5E /* Features.xctest */;
			productType = "com.apple.product-type.bundle.ui-testing";
		};
/* End PBXNativeTarget section */

/* Begin PBXProject section */
		62C98ED51DE8478D003E2C5E /* Project object */ = {
			isa = PBXProject;
			attributes = {
				LastSwiftUpdateCheck = 0810;
				LastUpgradeCheck = 0810;
				ORGANIZATIONNAME = "Gavan Chan";
				TargetAttributes = {
					62C98EDC1DE8478D003E2C5E = {
						CreatedOnToolsVersion = 8.1;
						DevelopmentTeam = GAV3HJNSJX;
						ProvisioningStyle = Automatic;
					};
					62C98EF01DE8478E003E2C5E = {
						CreatedOnToolsVersion = 8.1;
						ProvisioningStyle = Automatic;
						TestTargetID = 62C98EDC1DE8478D003E2C5E;
					};
					62C98EFB1DE8478E003E2C5E = {
						CreatedOnToolsVersion = 8.1;
						ProvisioningStyle = Automatic;
						TestTargetID = 62C98EDC1DE8478D003E2C5E;
					};
				};
			};
			buildConfigurationList = 62C98ED81DE8478D003E2C5E /* Build configuration list for PBXProject "Sampling Rx" */;
			compatibilityVersion = "Xcode 3.2";
			developmentRegion = English;
			hasScannedForEncodings = 0;
			knownRegions = (
				en,
				Base,
			);
			mainGroup = 62C98ED41DE8478D003E2C5E;
			productRefGroup = 62C98EDE1DE8478E003E2C5E /* Products */;
			projectDirPath = "";
			projectRoot = "";
			targets = (
				62C98EDC1DE8478D003E2C5E /* SamplingRx */,
				62C98EF01DE8478E003E2C5E /* Specs */,
				62C98EFB1DE8478E003E2C5E /* Features */,
			);
		};
/* End PBXProject section */

/* Begin PBXResourcesBuildPhase section */
		62C98EDB1DE8478D003E2C5E /* Resources */ = {
			isa = PBXResourcesBuildPhase;
			buildActionMask = 2147483647;
			files = (
				62C98F1B1DE84809003E2C5E /* Main.storyboard in Resources */,
				62A336811DEA957100BB495E /* Assets.xcassets in Resources */,
				62C98F1A1DE84809003E2C5E /* LaunchScreen.storyboard in Resources */,
				620ECA3C1DEC2CFF00A86C79 /* PlaceholderActionViewController.xib in Resources */,
				62B3DDB71DEBFABE007E653D /* PlaceholderTextViewController.xib in Resources */,
			);
			runOnlyForDeploymentPostprocessing = 0;
		};
		62C98EEF1DE8478E003E2C5E /* Resources */ = {
			isa = PBXResourcesBuildPhase;
			buildActionMask = 2147483647;
			files = (
			);
			runOnlyForDeploymentPostprocessing = 0;
		};
		62C98EFA1DE8478E003E2C5E /* Resources */ = {
			isa = PBXResourcesBuildPhase;
			buildActionMask = 2147483647;
			files = (
			);
			runOnlyForDeploymentPostprocessing = 0;
		};
/* End PBXResourcesBuildPhase section */

/* Begin PBXShellScriptBuildPhase section */
		62A4072B1DE90D1A0005B619 /* Lint Source */ = {
			isa = PBXShellScriptBuildPhase;
			buildActionMask = 2147483647;
			files = (
			);
			inputPaths = (
			);
			name = "Lint Source";
			outputPaths = (
			);
			runOnlyForDeploymentPostprocessing = 0;
			shellPath = /bin/sh;
			shellScript = "/usr/bin/env rake swiftlint";
		};
/* End PBXShellScriptBuildPhase section */

/* Begin PBXSourcesBuildPhase section */
		62C98ED91DE8478D003E2C5E /* Sources */ = {
			isa = PBXSourcesBuildPhase;
			buildActionMask = 2147483647;
			files = (
				620ECA3E1DEC2DFD00A86C79 /* PlaceholderActionViewController.swift in Sources */,
				62C65CD31DEF81AC000D1DF0 /* Environment.swift in Sources */,
				62B3DDA81DEAEFCA007E653D /* UIViewController+Rx.swift in Sources */,
				6206EDB81DEEEB8C00B0EC8F /* City.swift in Sources */,
				62B3DDAD1DEB020E007E653D /* Rx+Operators.swift in Sources */,
				623B78C91DF3ABE3009845C4 /* WeatherViewModel.swift in Sources */,
				62C65CD11DEF087C000D1DF0 /* Forecast.swift in Sources */,
				62B3DDA21DEAB66F007E653D /* Transition.swift in Sources */,
				62A336841DEA95BE00BB495E /* RotatingContentController.swift in Sources */,
				62F1ED351DF01BF000569A62 /* WeatherClientStub.swift in Sources */,
				62B3DDB91DEBFB7F007E653D /* PlaceholderTextViewController.swift in Sources */,
				62B3DDA41DEAE5FF007E653D /* Fugue.swift in Sources */,
				6206EDBA1DEEEBA600B0EC8F /* Weather.swift in Sources */,
				62F1ED401DF0E13900569A62 /* WeatherViewController.swift in Sources */,
				62B3DDB31DEBA43E007E653D /* Box.swift in Sources */,
				62F1ED381DF01F7D00569A62 /* WeatherProviding.swift in Sources */,
				62C98F181DE84809003E2C5E /* AppDelegate.swift in Sources */,
				6206EDB51DEEE60000B0EC8F /* WeatherClient.swift in Sources */,
				6206EDBC1DEEFBAF00B0EC8F /* ClientProtocol.swift in Sources */,
				62B3DDB11DEBA12F007E653D /* OptionalProtocol.swift in Sources */,
			);
			runOnlyForDeploymentPostprocessing = 0;
		};
		62C98EED1DE8478E003E2C5E /* Sources */ = {
			isa = PBXSourcesBuildPhase;
			buildActionMask = 2147483647;
			files = (
				62C98F221DE8481E003E2C5E /* Sampling_RxTests.swift in Sources */,
			);
			runOnlyForDeploymentPostprocessing = 0;
		};
		62C98EF81DE8478E003E2C5E /* Sources */ = {
			isa = PBXSourcesBuildPhase;
			buildActionMask = 2147483647;
			files = (
				62C98F281DE8482B003E2C5E /* Sampling_RxUITests.swift in Sources */,
			);
			runOnlyForDeploymentPostprocessing = 0;
		};
/* End PBXSourcesBuildPhase section */

/* Begin PBXTargetDependency section */
		62587E131DE849A400573080 /* PBXTargetDependency */ = {
			isa = PBXTargetDependency;
			target = 62C98EDC1DE8478D003E2C5E /* SamplingRx */;
			targetProxy = 62587E121DE849A400573080 /* PBXContainerItemProxy */;
		};
		62C98EFE1DE8478E003E2C5E /* PBXTargetDependency */ = {
			isa = PBXTargetDependency;
			target = 62C98EDC1DE8478D003E2C5E /* SamplingRx */;
			targetProxy = 62C98EFD1DE8478E003E2C5E /* PBXContainerItemProxy */;
		};
/* End PBXTargetDependency section */

/* Begin PBXVariantGroup section */
		62C98F121DE84809003E2C5E /* LaunchScreen.storyboard */ = {
			isa = PBXVariantGroup;
			children = (
				62C98F131DE84809003E2C5E /* Base */,
			);
			name = LaunchScreen.storyboard;
			sourceTree = "<group>";
		};
		62C98F141DE84809003E2C5E /* Main.storyboard */ = {
			isa = PBXVariantGroup;
			children = (
				62C98F151DE84809003E2C5E /* Base */,
			);
			name = Main.storyboard;
			sourceTree = "<group>";
		};
/* End PBXVariantGroup section */

/* Begin XCBuildConfiguration section */
		62C98F031DE8478E003E2C5E /* Debug */ = {
			isa = XCBuildConfiguration;
			buildSettings = {
				ALWAYS_SEARCH_USER_PATHS = NO;
				CLANG_ANALYZER_NONNULL = YES;
				CLANG_CXX_LANGUAGE_STANDARD = "gnu++0x";
				CLANG_CXX_LIBRARY = "libc++";
				CLANG_ENABLE_MODULES = YES;
				CLANG_ENABLE_OBJC_ARC = YES;
				CLANG_WARN_BOOL_CONVERSION = YES;
				CLANG_WARN_CONSTANT_CONVERSION = YES;
				CLANG_WARN_DIRECT_OBJC_ISA_USAGE = YES_ERROR;
				CLANG_WARN_DOCUMENTATION_COMMENTS = YES;
				CLANG_WARN_EMPTY_BODY = YES;
				CLANG_WARN_ENUM_CONVERSION = YES;
				CLANG_WARN_INFINITE_RECURSION = YES;
				CLANG_WARN_INT_CONVERSION = YES;
				CLANG_WARN_OBJC_ROOT_CLASS = YES_ERROR;
				CLANG_WARN_SUSPICIOUS_MOVES = YES;
				CLANG_WARN_UNREACHABLE_CODE = YES;
				CLANG_WARN__DUPLICATE_METHOD_MATCH = YES;
				"CODE_SIGN_IDENTITY[sdk=iphoneos*]" = "iPhone Developer";
				COPY_PHASE_STRIP = NO;
				DEBUG_INFORMATION_FORMAT = dwarf;
				ENABLE_STRICT_OBJC_MSGSEND = YES;
				ENABLE_TESTABILITY = YES;
				GCC_C_LANGUAGE_STANDARD = gnu99;
				GCC_DYNAMIC_NO_PIC = NO;
				GCC_NO_COMMON_BLOCKS = YES;
				GCC_OPTIMIZATION_LEVEL = 0;
				GCC_PREPROCESSOR_DEFINITIONS = (
					"DEBUG=1",
					"$(inherited)",
				);
				GCC_WARN_64_TO_32_BIT_CONVERSION = YES;
				GCC_WARN_ABOUT_RETURN_TYPE = YES_ERROR;
				GCC_WARN_UNDECLARED_SELECTOR = YES;
				GCC_WARN_UNINITIALIZED_AUTOS = YES_AGGRESSIVE;
				GCC_WARN_UNUSED_FUNCTION = YES;
				GCC_WARN_UNUSED_VARIABLE = YES;
				IPHONEOS_DEPLOYMENT_TARGET = 10.1;
				MTL_ENABLE_DEBUG_INFO = YES;
				ONLY_ACTIVE_ARCH = YES;
				SDKROOT = iphoneos;
				SWIFT_ACTIVE_COMPILATION_CONDITIONS = DEBUG;
				SWIFT_OPTIMIZATION_LEVEL = "-Onone";
			};
			name = Debug;
		};
		62C98F041DE8478E003E2C5E /* Release */ = {
			isa = XCBuildConfiguration;
			buildSettings = {
				ALWAYS_SEARCH_USER_PATHS = NO;
				CLANG_ANALYZER_NONNULL = YES;
				CLANG_CXX_LANGUAGE_STANDARD = "gnu++0x";
				CLANG_CXX_LIBRARY = "libc++";
				CLANG_ENABLE_MODULES = YES;
				CLANG_ENABLE_OBJC_ARC = YES;
				CLANG_WARN_BOOL_CONVERSION = YES;
				CLANG_WARN_CONSTANT_CONVERSION = YES;
				CLANG_WARN_DIRECT_OBJC_ISA_USAGE = YES_ERROR;
				CLANG_WARN_DOCUMENTATION_COMMENTS = YES;
				CLANG_WARN_EMPTY_BODY = YES;
				CLANG_WARN_ENUM_CONVERSION = YES;
				CLANG_WARN_INFINITE_RECURSION = YES;
				CLANG_WARN_INT_CONVERSION = YES;
				CLANG_WARN_OBJC_ROOT_CLASS = YES_ERROR;
				CLANG_WARN_SUSPICIOUS_MOVES = YES;
				CLANG_WARN_UNREACHABLE_CODE = YES;
				CLANG_WARN__DUPLICATE_METHOD_MATCH = YES;
				"CODE_SIGN_IDENTITY[sdk=iphoneos*]" = "iPhone Developer";
				COPY_PHASE_STRIP = NO;
				DEBUG_INFORMATION_FORMAT = "dwarf-with-dsym";
				ENABLE_NS_ASSERTIONS = NO;
				ENABLE_STRICT_OBJC_MSGSEND = YES;
				GCC_C_LANGUAGE_STANDARD = gnu99;
				GCC_NO_COMMON_BLOCKS = YES;
				GCC_WARN_64_TO_32_BIT_CONVERSION = YES;
				GCC_WARN_ABOUT_RETURN_TYPE = YES_ERROR;
				GCC_WARN_UNDECLARED_SELECTOR = YES;
				GCC_WARN_UNINITIALIZED_AUTOS = YES_AGGRESSIVE;
				GCC_WARN_UNUSED_FUNCTION = YES;
				GCC_WARN_UNUSED_VARIABLE = YES;
				IPHONEOS_DEPLOYMENT_TARGET = 10.1;
				MTL_ENABLE_DEBUG_INFO = NO;
				SDKROOT = iphoneos;
				SWIFT_OPTIMIZATION_LEVEL = "-Owholemodule";
				VALIDATE_PRODUCT = YES;
			};
			name = Release;
		};
		62C98F061DE8478E003E2C5E /* Debug */ = {
			isa = XCBuildConfiguration;
			buildSettings = {
				ASSETCATALOG_COMPILER_APPICON_NAME = AppIcon;
				DEVELOPMENT_TEAM = GAV3HJNSJX;
				FRAMEWORK_SEARCH_PATHS = (
					"$(inherited)",
					"$(PROJECT_DIR)/Carthage/Build/iOS",
				);
				INFOPLIST_FILE = "Source/Supporting Files/Info.plist";
				LD_RUNPATH_SEARCH_PATHS = "$(inherited) @executable_path/Frameworks";
				PRODUCT_BUNDLE_IDENTIFIER = "com.g-ackt.sample.Sampling-Rx";
				PRODUCT_NAME = "$(TARGET_NAME)";
				SWIFT_VERSION = 3.0;
			};
			name = Debug;
		};
		62C98F071DE8478E003E2C5E /* Release */ = {
			isa = XCBuildConfiguration;
			buildSettings = {
				ASSETCATALOG_COMPILER_APPICON_NAME = AppIcon;
				DEVELOPMENT_TEAM = GAV3HJNSJX;
				FRAMEWORK_SEARCH_PATHS = (
					"$(inherited)",
					"$(PROJECT_DIR)/Carthage/Build/iOS",
				);
				INFOPLIST_FILE = "Source/Supporting Files/Info.plist";
				LD_RUNPATH_SEARCH_PATHS = "$(inherited) @executable_path/Frameworks";
				PRODUCT_BUNDLE_IDENTIFIER = "com.g-ackt.sample.Sampling-Rx";
				PRODUCT_NAME = "$(TARGET_NAME)";
				SWIFT_VERSION = 3.0;
			};
			name = Release;
		};
		62C98F091DE8478E003E2C5E /* Debug */ = {
			isa = XCBuildConfiguration;
			buildSettings = {
				ALWAYS_EMBED_SWIFT_STANDARD_LIBRARIES = YES;
				BUNDLE_LOADER = "$(TEST_HOST)";
				INFOPLIST_FILE = "Specs/Supporting Files/Info.plist";
				LD_RUNPATH_SEARCH_PATHS = "$(inherited) @executable_path/Frameworks @loader_path/Frameworks";
				PRODUCT_BUNDLE_IDENTIFIER = "com.g-ackt.sample.Sampling-RxTests";
				PRODUCT_NAME = "$(TARGET_NAME)";
				SWIFT_VERSION = 3.0;
				TEST_HOST = "$(BUILT_PRODUCTS_DIR)/SamplingRx.app/SamplingRx";
			};
			name = Debug;
		};
		62C98F0A1DE8478E003E2C5E /* Release */ = {
			isa = XCBuildConfiguration;
			buildSettings = {
				ALWAYS_EMBED_SWIFT_STANDARD_LIBRARIES = YES;
				BUNDLE_LOADER = "$(TEST_HOST)";
				INFOPLIST_FILE = "Specs/Supporting Files/Info.plist";
				LD_RUNPATH_SEARCH_PATHS = "$(inherited) @executable_path/Frameworks @loader_path/Frameworks";
				PRODUCT_BUNDLE_IDENTIFIER = "com.g-ackt.sample.Sampling-RxTests";
				PRODUCT_NAME = "$(TARGET_NAME)";
				SWIFT_VERSION = 3.0;
				TEST_HOST = "$(BUILT_PRODUCTS_DIR)/SamplingRx.app/SamplingRx";
			};
			name = Release;
		};
		62C98F0C1DE8478E003E2C5E /* Debug */ = {
			isa = XCBuildConfiguration;
			buildSettings = {
				ALWAYS_EMBED_SWIFT_STANDARD_LIBRARIES = YES;
				INFOPLIST_FILE = "Features/Supporting Files/Info.plist";
				LD_RUNPATH_SEARCH_PATHS = "$(inherited) @executable_path/Frameworks @loader_path/Frameworks";
				PRODUCT_BUNDLE_IDENTIFIER = "com.g-ackt.sample.Sampling-RxUITests";
				PRODUCT_NAME = "$(TARGET_NAME)";
				PROVISIONING_PROFILE = "";
				SWIFT_VERSION = 3.0;
				TEST_TARGET_NAME = SamplingRx;
			};
			name = Debug;
		};
		62C98F0D1DE8478E003E2C5E /* Release */ = {
			isa = XCBuildConfiguration;
			buildSettings = {
				ALWAYS_EMBED_SWIFT_STANDARD_LIBRARIES = YES;
				INFOPLIST_FILE = "Features/Supporting Files/Info.plist";
				LD_RUNPATH_SEARCH_PATHS = "$(inherited) @executable_path/Frameworks @loader_path/Frameworks";
				PRODUCT_BUNDLE_IDENTIFIER = "com.g-ackt.sample.Sampling-RxUITests";
				PRODUCT_NAME = "$(TARGET_NAME)";
				PROVISIONING_PROFILE = "";
				SWIFT_VERSION = 3.0;
				TEST_TARGET_NAME = SamplingRx;
			};
			name = Release;
		};
/* End XCBuildConfiguration section */

/* Begin XCConfigurationList section */
		62C98ED81DE8478D003E2C5E /* Build configuration list for PBXProject "Sampling Rx" */ = {
			isa = XCConfigurationList;
			buildConfigurations = (
				62C98F031DE8478E003E2C5E /* Debug */,
				62C98F041DE8478E003E2C5E /* Release */,
			);
			defaultConfigurationIsVisible = 0;
			defaultConfigurationName = Release;
		};
		62C98F051DE8478E003E2C5E /* Build configuration list for PBXNativeTarget "SamplingRx" */ = {
			isa = XCConfigurationList;
			buildConfigurations = (
				62C98F061DE8478E003E2C5E /* Debug */,
				62C98F071DE8478E003E2C5E /* Release */,
			);
			defaultConfigurationIsVisible = 0;
			defaultConfigurationName = Release;
		};
		62C98F081DE8478E003E2C5E /* Build configuration list for PBXNativeTarget "Specs" */ = {
			isa = XCConfigurationList;
			buildConfigurations = (
				62C98F091DE8478E003E2C5E /* Debug */,
				62C98F0A1DE8478E003E2C5E /* Release */,
			);
			defaultConfigurationIsVisible = 0;
			defaultConfigurationName = Release;
		};
		62C98F0B1DE8478E003E2C5E /* Build configuration list for PBXNativeTarget "Features" */ = {
			isa = XCConfigurationList;
			buildConfigurations = (
				62C98F0C1DE8478E003E2C5E /* Debug */,
				62C98F0D1DE8478E003E2C5E /* Release */,
			);
			defaultConfigurationIsVisible = 0;
			defaultConfigurationName = Release;
		};
/* End XCConfigurationList section */
	};
	rootObject = 62C98ED51DE8478D003E2C5E /* Project object */;
}
